
Microsoft Visual Studio Solution File, Format Version 12.00
# Visual Studio Version 16
VisualStudioVersion = 16.0.29709.97
MinimumVisualStudioVersion = 10.0.40219.1
Project("{FAE04EC0-301F-11D3-BF4B-00C04F79EFBC}") = "ProyectoPatentes", "ProyectoPatentes\ProyectoPatentes.csproj", "{324B5E0F-C0E9-4F46-869A-EB5410B495FF}"
EndProject
Global
	GlobalSection(SolutionConfigurationPlatforms) = preSolution
		Debug|Any CPU = Debug|Any CPU
		Release|Any CPU = Release|Any CPU
	EndGlobalSection
	GlobalSection(ProjectConfigurationPlatforms) = postSolution
		{324B5E0F-C0E9-4F46-869A-EB5410B495FF}.Debug|Any CPU.ActiveCfg = Debug|Any CPU
		{324B5E0F-C0E9-4F46-869A-EB5410B495FF}.Debug|Any CPU.Build.0 = Debug|Any CPU
		{324B5E0F-C0E9-4F46-869A-EB5410B495FF}.Release|Any CPU.ActiveCfg = Release|Any CPU
		{324B5E0F-C0E9-4F46-869A-EB5410B495FF}.Release|Any CPU.Build.0 = Release|Any CPU
	EndGlobalSection
	GlobalSection(SolutionProperties) = preSolution
		HideSolutionNode = FALSE
	EndGlobalSection
	GlobalSection(ExtensibilityGlobals) = postSolution
		SolutionGuid = {55F9F174-831C-42E3-9E86-D62135DEC56C}
	EndGlobalSection
EndGlobal
